
Microsoft Visual Studio Solution File, Format Version 12.00
# Visual Studio Version 17
VisualStudioVersion = 17.0.31903.59
MinimumVisualStudioVersion = 10.0.40219.1
Project("{2150E333-8FDC-42A3-9474-1A3956D46DE8}") = "src", "src", "{AE275953-319F-4639-863C-FC6E575BA850}"
EndProject
Project("{FAE04EC0-301F-11D3-BF4B-00C04F79EFBC}") = "AuctionService", "src\AuctionService\AuctionService.csproj", "{9AF6E470-1CA1-4C98-AEBC-8A0A0B9D89F4}"
EndProject
Project("{FAE04EC0-301F-11D3-BF4B-00C04F79EFBC}") = "SearchService", "src\SearchService\SearchService.csproj", "{D305E1C3-E2BE-4130-ADA8-94488AF6E37E}"
EndProject
Global
	GlobalSection(SolutionConfigurationPlatforms) = preSolution
		Debug|Any CPU = Debug|Any CPU
		Release|Any CPU = Release|Any CPU
	EndGlobalSection
	GlobalSection(SolutionProperties) = preSolution
		HideSolutionNode = FALSE
	EndGlobalSection
	GlobalSection(ProjectConfigurationPlatforms) = postSolution
		{9AF6E470-1CA1-4C98-AEBC-8A0A0B9D89F4}.Debug|Any CPU.ActiveCfg = Debug|Any CPU
		{9AF6E470-1CA1-4C98-AEBC-8A0A0B9D89F4}.Debug|Any CPU.Build.0 = Debug|Any CPU
		{9AF6E470-1CA1-4C98-AEBC-8A0A0B9D89F4}.Release|Any CPU.ActiveCfg = Release|Any CPU
		{9AF6E470-1CA1-4C98-AEBC-8A0A0B9D89F4}.Release|Any CPU.Build.0 = Release|Any CPU
		{D305E1C3-E2BE-4130-ADA8-94488AF6E37E}.Debug|Any CPU.ActiveCfg = Debug|Any CPU
		{D305E1C3-E2BE-4130-ADA8-94488AF6E37E}.Debug|Any CPU.Build.0 = Debug|Any CPU
		{D305E1C3-E2BE-4130-ADA8-94488AF6E37E}.Release|Any CPU.ActiveCfg = Release|Any CPU
		{D305E1C3-E2BE-4130-ADA8-94488AF6E37E}.Release|Any CPU.Build.0 = Release|Any CPU
	EndGlobalSection
	GlobalSection(NestedProjects) = preSolution
		{9AF6E470-1CA1-4C98-AEBC-8A0A0B9D89F4} = {AE275953-319F-4639-863C-FC6E575BA850}
		{D305E1C3-E2BE-4130-ADA8-94488AF6E37E} = {AE275953-319F-4639-863C-FC6E575BA850}
	EndGlobalSection
EndGlobal
